
Microsoft Visual Studio Solution File, Format Version 12.00
# Visual Studio Version 17
VisualStudioVersion = 17.4.33213.308
MinimumVisualStudioVersion = 10.0.40219.1
Project("{FAE04EC0-301F-11D3-BF4B-00C04F79EFBC}") = "BigBrewPOS", "BigBrewPOS\BigBrewPOS.csproj", "{37D83AEB-3E07-4A5A-B16F-B73F95A1000E}"
EndProject
Global
	GlobalSection(SolutionConfigurationPlatforms) = preSolution
		Debug|Any CPU = Debug|Any CPU
		Release|Any CPU = Release|Any CPU
	EndGlobalSection
	GlobalSection(ProjectConfigurationPlatforms) = postSolution
		{37D83AEB-3E07-4A5A-B16F-B73F95A1000E}.Debug|Any CPU.ActiveCfg = Debug|Any CPU
		{37D83AEB-3E07-4A5A-B16F-B73F95A1000E}.Debug|Any CPU.Build.0 = Debug|Any CPU
		{37D83AEB-3E07-4A5A-B16F-B73F95A1000E}.Release|Any CPU.ActiveCfg = Release|Any CPU
		{37D83AEB-3E07-4A5A-B16F-B73F95A1000E}.Release|Any CPU.Build.0 = Release|Any CPU
	EndGlobalSection
	GlobalSection(SolutionProperties) = preSolution
		HideSolutionNode = FALSE
	EndGlobalSection
	GlobalSection(ExtensibilityGlobals) = postSolution
		SolutionGuid = {C01267E2-9141-479F-860E-ADE065767FFA}
	EndGlobalSection
EndGlobal
